
Microsoft Visual Studio Solution File, Format Version 12.00
# Visual Studio Version 17
VisualStudioVersion = 17.3.32819.101
MinimumVisualStudioVersion = 10.0.40219.1
Project("{FAE04EC0-301F-11D3-BF4B-00C04F79EFBC}") = "ChislennyeMetody", "ChislennyeMetody\ChislennyeMetody.csproj", "{61FFA5E1-9665-46EF-8F96-38E53B7F9BB6}"
EndProject
Global
	GlobalSection(SolutionConfigurationPlatforms) = preSolution
		Debug|Any CPU = Debug|Any CPU
		Release|Any CPU = Release|Any CPU
	EndGlobalSection
	GlobalSection(ProjectConfigurationPlatforms) = postSolution
		{61FFA5E1-9665-46EF-8F96-38E53B7F9BB6}.Debug|Any CPU.ActiveCfg = Debug|Any CPU
		{61FFA5E1-9665-46EF-8F96-38E53B7F9BB6}.Debug|Any CPU.Build.0 = Debug|Any CPU
		{61FFA5E1-9665-46EF-8F96-38E53B7F9BB6}.Release|Any CPU.ActiveCfg = Release|Any CPU
		{61FFA5E1-9665-46EF-8F96-38E53B7F9BB6}.Release|Any CPU.Build.0 = Release|Any CPU
	EndGlobalSection
	GlobalSection(SolutionProperties) = preSolution
		HideSolutionNode = FALSE
	EndGlobalSection
	GlobalSection(ExtensibilityGlobals) = postSolution
		SolutionGuid = {C09ABDF0-4405-4002-B975-0E2DDE3358BF}
	EndGlobalSection
EndGlobal
